
Microsoft Visual Studio Solution File, Format Version 12.00
# Visual Studio Version 16
VisualStudioVersion = 16.0.31624.102
MinimumVisualStudioVersion = 10.0.40219.1
Project("{FAE04EC0-301F-11D3-BF4B-00C04F79EFBC}") = "WebApplication1", "WebApplication1\WebApplication1.csproj", "{6AFCBDD6-F1F7-4FBB-B7B1-A689AC2E90AE}"
EndProject
Global
	GlobalSection(SolutionConfigurationPlatforms) = preSolution
		Debug|Any CPU = Debug|Any CPU
		Release|Any CPU = Release|Any CPU
	EndGlobalSection
	GlobalSection(ProjectConfigurationPlatforms) = postSolution
		{6AFCBDD6-F1F7-4FBB-B7B1-A689AC2E90AE}.Debug|Any CPU.ActiveCfg = Debug|Any CPU
		{6AFCBDD6-F1F7-4FBB-B7B1-A689AC2E90AE}.Debug|Any CPU.Build.0 = Debug|Any CPU
		{6AFCBDD6-F1F7-4FBB-B7B1-A689AC2E90AE}.Release|Any CPU.ActiveCfg = Release|Any CPU
		{6AFCBDD6-F1F7-4FBB-B7B1-A689AC2E90AE}.Release|Any CPU.Build.0 = Release|Any CPU
	EndGlobalSection
	GlobalSection(SolutionProperties) = preSolution
		HideSolutionNode = FALSE
	EndGlobalSection
	GlobalSection(ExtensibilityGlobals) = postSolution
		SolutionGuid = {44962DD1-22D9-4618-8C14-072FC78490C6}
	EndGlobalSection
EndGlobal
